
Microsoft Visual Studio Solution File, Format Version 12.00
# Visual Studio 15
VisualStudioVersion = 15.0.27428.2015
MinimumVisualStudioVersion = 10.0.40219.1
Project("{FAE04EC0-301F-11D3-BF4B-00C04F79EFBC}") = "01 - House Painting", "01 - House Painting\01 - House Painting.csproj", "{C8C03E05-C16B-44EF-8E6E-47C0785DDD5F}"
EndProject
Project("{FAE04EC0-301F-11D3-BF4B-00C04F79EFBC}") = "02 - Cups", "02 - Cups\02 - Cups.csproj", "{04986A0E-B0E5-4018-8947-F52BA234C95C}"
EndProject
Project("{FAE04EC0-301F-11D3-BF4B-00C04F79EFBC}") = "03 - Vacation", "03 - Vacation\03 - Vacation.csproj", "{91C0ED20-AB87-4905-AC01-914505AC59EC}"
EndProject
Project("{FAE04EC0-301F-11D3-BF4B-00C04F79EFBC}") = "04 - Trainers Salary", "04 - Trainers Salary\04 - Trainers Salary.csproj", "{BB6E46DD-3DDA-4BBD-8375-4E43F00F0E2B}"
EndProject
Project("{FAE04EC0-301F-11D3-BF4B-00C04F79EFBC}") = "05 - Hourglass", "05 - Hourglass\05 - Hourglass.csproj", "{7B4DEEC2-4385-4541-BC96-D34F7E0F7390}"
EndProject
Project("{FAE04EC0-301F-11D3-BF4B-00C04F79EFBC}") = "06 - Two Numbers Sum", "06 - Two Numbers Sum\06 - Two Numbers Sum.csproj", "{2C00C7C1-16E6-455E-A36B-DFFCF9ED9A08}"
EndProject
Global
	GlobalSection(SolutionConfigurationPlatforms) = preSolution
		Debug|Any CPU = Debug|Any CPU
		Release|Any CPU = Release|Any CPU
	EndGlobalSection
	GlobalSection(ProjectConfigurationPlatforms) = postSolution
		{C8C03E05-C16B-44EF-8E6E-47C0785DDD5F}.Debug|Any CPU.ActiveCfg = Debug|Any CPU
		{C8C03E05-C16B-44EF-8E6E-47C0785DDD5F}.Debug|Any CPU.Build.0 = Debug|Any CPU
		{C8C03E05-C16B-44EF-8E6E-47C0785DDD5F}.Release|Any CPU.ActiveCfg = Release|Any CPU
		{C8C03E05-C16B-44EF-8E6E-47C0785DDD5F}.Release|Any CPU.Build.0 = Release|Any CPU
		{04986A0E-B0E5-4018-8947-F52BA234C95C}.Debug|Any CPU.ActiveCfg = Debug|Any CPU
		{04986A0E-B0E5-4018-8947-F52BA234C95C}.Debug|Any CPU.Build.0 = Debug|Any CPU
		{04986A0E-B0E5-4018-8947-F52BA234C95C}.Release|Any CPU.ActiveCfg = Release|Any CPU
		{04986A0E-B0E5-4018-8947-F52BA234C95C}.Release|Any CPU.Build.0 = Release|Any CPU
		{91C0ED20-AB87-4905-AC01-914505AC59EC}.Debug|Any CPU.ActiveCfg = Debug|Any CPU
		{91C0ED20-AB87-4905-AC01-914505AC59EC}.Debug|Any CPU.Build.0 = Debug|Any CPU
		{91C0ED20-AB87-4905-AC01-914505AC59EC}.Release|Any CPU.ActiveCfg = Release|Any CPU
		{91C0ED20-AB87-4905-AC01-914505AC59EC}.Release|Any CPU.Build.0 = Release|Any CPU
		{BB6E46DD-3DDA-4BBD-8375-4E43F00F0E2B}.Debug|Any CPU.ActiveCfg = Debug|Any CPU
		{BB6E46DD-3DDA-4BBD-8375-4E43F00F0E2B}.Debug|Any CPU.Build.0 = Debug|Any CPU
		{BB6E46DD-3DDA-4BBD-8375-4E43F00F0E2B}.Release|Any CPU.ActiveCfg = Release|Any CPU
		{BB6E46DD-3DDA-4BBD-8375-4E43F00F0E2B}.Release|Any CPU.Build.0 = Release|Any CPU
		{7B4DEEC2-4385-4541-BC96-D34F7E0F7390}.Debug|Any CPU.ActiveCfg = Debug|Any CPU
		{7B4DEEC2-4385-4541-BC96-D34F7E0F7390}.Debug|Any CPU.Build.0 = Debug|Any CPU
		{7B4DEEC2-4385-4541-BC96-D34F7E0F7390}.Release|Any CPU.ActiveCfg = Release|Any CPU
		{7B4DEEC2-4385-4541-BC96-D34F7E0F7390}.Release|Any CPU.Build.0 = Release|Any CPU
		{2C00C7C1-16E6-455E-A36B-DFFCF9ED9A08}.Debug|Any CPU.ActiveCfg = Debug|Any CPU
		{2C00C7C1-16E6-455E-A36B-DFFCF9ED9A08}.Debug|Any CPU.Build.0 = Debug|Any CPU
		{2C00C7C1-16E6-455E-A36B-DFFCF9ED9A08}.Release|Any CPU.ActiveCfg = Release|Any CPU
		{2C00C7C1-16E6-455E-A36B-DFFCF9ED9A08}.Release|Any CPU.Build.0 = Release|Any CPU
	EndGlobalSection
	GlobalSection(SolutionProperties) = preSolution
		HideSolutionNode = FALSE
	EndGlobalSection
	GlobalSection(ExtensibilityGlobals) = postSolution
		SolutionGuid = {02C7ECC9-0993-45EE-BB60-FDF6038F10BF}
	EndGlobalSection
EndGlobal
