
Microsoft Visual Studio Solution File, Format Version 12.00
# Visual Studio 15
VisualStudioVersion = 15.0.27428.2015
MinimumVisualStudioVersion = 10.0.40219.1
Project("{FAE04EC0-301F-11D3-BF4B-00C04F79EFBC}") = "01. Dance Hall", "01. Dance Hall\01. Dance Hall.csproj", "{2A640265-2F11-48BC-B208-A536449C3A0D}"
EndProject
Project("{FAE04EC0-301F-11D3-BF4B-00C04F79EFBC}") = "02. Choreography", "02. Choreography\02. Choreography.csproj", "{039A98A3-C443-4DF0-9EE6-67AD6B80C3DD}"
EndProject
Project("{FAE04EC0-301F-11D3-BF4B-00C04F79EFBC}") = "03. Final Competition", "03. Final Competition\03. Final Competition.csproj", "{8E40AE3C-23ED-46F5-85C4-D7871443E49D}"
EndProject
Project("{FAE04EC0-301F-11D3-BF4B-00C04F79EFBC}") = "04. Energy Loss", "04. Energy Loss\04. Energy Loss.csproj", "{BC9F6C25-AFB9-431A-A07C-5A60903F74E5}"
EndProject
Project("{FAE04EC0-301F-11D3-BF4B-00C04F79EFBC}") = "05. Cup", "05. Cup\05. Cup.csproj", "{C5B00A36-2861-48BD-BAFF-48A507A1CF4F}"
EndProject
Project("{FAE04EC0-301F-11D3-BF4B-00C04F79EFBC}") = "06. Group Name", "06. Group Name\06. Group Name.csproj", "{78807B95-EF5B-4B54-A660-2766896D5466}"
EndProject
Global
	GlobalSection(SolutionConfigurationPlatforms) = preSolution
		Debug|Any CPU = Debug|Any CPU
		Release|Any CPU = Release|Any CPU
	EndGlobalSection
	GlobalSection(ProjectConfigurationPlatforms) = postSolution
		{2A640265-2F11-48BC-B208-A536449C3A0D}.Debug|Any CPU.ActiveCfg = Debug|Any CPU
		{2A640265-2F11-48BC-B208-A536449C3A0D}.Debug|Any CPU.Build.0 = Debug|Any CPU
		{2A640265-2F11-48BC-B208-A536449C3A0D}.Release|Any CPU.ActiveCfg = Release|Any CPU
		{2A640265-2F11-48BC-B208-A536449C3A0D}.Release|Any CPU.Build.0 = Release|Any CPU
		{039A98A3-C443-4DF0-9EE6-67AD6B80C3DD}.Debug|Any CPU.ActiveCfg = Debug|Any CPU
		{039A98A3-C443-4DF0-9EE6-67AD6B80C3DD}.Debug|Any CPU.Build.0 = Debug|Any CPU
		{039A98A3-C443-4DF0-9EE6-67AD6B80C3DD}.Release|Any CPU.ActiveCfg = Release|Any CPU
		{039A98A3-C443-4DF0-9EE6-67AD6B80C3DD}.Release|Any CPU.Build.0 = Release|Any CPU
		{8E40AE3C-23ED-46F5-85C4-D7871443E49D}.Debug|Any CPU.ActiveCfg = Debug|Any CPU
		{8E40AE3C-23ED-46F5-85C4-D7871443E49D}.Debug|Any CPU.Build.0 = Debug|Any CPU
		{8E40AE3C-23ED-46F5-85C4-D7871443E49D}.Release|Any CPU.ActiveCfg = Release|Any CPU
		{8E40AE3C-23ED-46F5-85C4-D7871443E49D}.Release|Any CPU.Build.0 = Release|Any CPU
		{BC9F6C25-AFB9-431A-A07C-5A60903F74E5}.Debug|Any CPU.ActiveCfg = Debug|Any CPU
		{BC9F6C25-AFB9-431A-A07C-5A60903F74E5}.Debug|Any CPU.Build.0 = Debug|Any CPU
		{BC9F6C25-AFB9-431A-A07C-5A60903F74E5}.Release|Any CPU.ActiveCfg = Release|Any CPU
		{BC9F6C25-AFB9-431A-A07C-5A60903F74E5}.Release|Any CPU.Build.0 = Release|Any CPU
		{C5B00A36-2861-48BD-BAFF-48A507A1CF4F}.Debug|Any CPU.ActiveCfg = Debug|Any CPU
		{C5B00A36-2861-48BD-BAFF-48A507A1CF4F}.Debug|Any CPU.Build.0 = Debug|Any CPU
		{C5B00A36-2861-48BD-BAFF-48A507A1CF4F}.Release|Any CPU.ActiveCfg = Release|Any CPU
		{C5B00A36-2861-48BD-BAFF-48A507A1CF4F}.Release|Any CPU.Build.0 = Release|Any CPU
		{78807B95-EF5B-4B54-A660-2766896D5466}.Debug|Any CPU.ActiveCfg = Debug|Any CPU
		{78807B95-EF5B-4B54-A660-2766896D5466}.Debug|Any CPU.Build.0 = Debug|Any CPU
		{78807B95-EF5B-4B54-A660-2766896D5466}.Release|Any CPU.ActiveCfg = Release|Any CPU
		{78807B95-EF5B-4B54-A660-2766896D5466}.Release|Any CPU.Build.0 = Release|Any CPU
	EndGlobalSection
	GlobalSection(SolutionProperties) = preSolution
		HideSolutionNode = FALSE
	EndGlobalSection
	GlobalSection(ExtensibilityGlobals) = postSolution
		SolutionGuid = {44A0F048-BE65-4C96-9239-3957619C2C14}
	EndGlobalSection
EndGlobal
